{
  "nodes": {
    "contract": {
      "inputs": {
        "nixpkgs": [
          "nixpkgs"
        ]
      },
      "locked": {
        "lastModified": 1,
        "narHash": "sha256-dX5gHIEIGqLN6OhRdnQ7CDm2pqJzM9CnLNzd15X+sjI=",
        "path": "/nix/store/jrna8wj8wg7hj4kwvsbl6nax303axvrd-source/documents/project-contract",
        "type": "path"
      },
      "original": {
        "path": "/nix/store/jrna8wj8wg7hj4kwvsbl6nax303axvrd-source/documents/project-contract",
        "type": "path"
      }
    },
    "nixpkgs": {
      "locked": {
        "lastModified": 1742272065,
        "narHash": "sha256-ud8vcSzJsZ/CK+r8/v0lyf4yUntVmDq6Z0A41ODfWbE=",
        "owner": "nixos",
        "repo": "nixpkgs",
        "rev": "3549532663732bfd89993204d40543e9edaec4f2",
        "type": "github"
      },
      "original": {
        "owner": "nixos",
        "ref": "nixpkgs-unstable",
        "repo": "nixpkgs",
        "type": "github"
      }
    },
    "root": {
      "inputs": {
        "contract": "contract",
        "nixpkgs": "nixpkgs",
        "thesis": "thesis",
        "website-builder": "website-builder"
      }
    },
    "thesis": {
      "inputs": {
        "nixpkgs": [
          "nixpkgs"
        ]
      },
      "locked": {
        "lastModified": 1,
        "narHash": "sha256-ZmYS9eMBfOkV1vYzd2lnyGXnUgTJEBxD42W/IJ9n9Jo=",
        "path": "/nix/store/jrna8wj8wg7hj4kwvsbl6nax303axvrd-source/documents/thesis",
        "type": "path"
      },
      "original": {
        "path": "/nix/store/jrna8wj8wg7hj4kwvsbl6nax303axvrd-source/documents/thesis",
        "type": "path"
      }
    },
    "website-builder": {
      "inputs": {
        "nixpkgs": [
          "nixpkgs"
        ]
      },
      "locked": {
        "lastModified": 1741594814,
        "narHash": "sha256-YPAIywsWZVhQuy/cPJLi3PiWgoWDrqvQCBytXeSQYCk=",
        "owner": "rasmus-kirk",
        "repo": "website-builder",
        "rev": "e0239195b33103a4923011d8e96ef39a3397631b",
        "type": "github"
      },
      "original": {
        "owner": "rasmus-kirk",
        "repo": "website-builder",
        "type": "github"
      }
    }
  },
  "root": "root",
  "version": 7
}
